Microsoft Visual Studio Solution File, Format Version 12.00
# Visual Studio Version 17
VisualStudioVersion = 17.5.2.0
MinimumVisualStudioVersion = 10.0.40219.1
Project("{FAE04EC0-301F-11D3-BF4B-00C04F79EFBC}") = "LinkUp", "LinkUp.csproj", "{B152D2E3-7E60-424F-7825-FABAE8CA961F}"
EndProject
Global
	GlobalSection(SolutionConfigurationPlatforms) = preSolution
		Debug|Any CPU = Debug|Any CPU
		Release|Any CPU = Release|Any CPU
	EndGlobalSection
	GlobalSection(ProjectConfigurationPlatforms) = postSolution
		{B152D2E3-7E60-424F-7825-FABAE8CA961F}.Debug|Any CPU.ActiveCfg = Debug|Any CPU
		{B152D2E3-7E60-424F-7825-FABAE8CA961F}.Debug|Any CPU.Build.0 = Debug|Any CPU
		{B152D2E3-7E60-424F-7825-FABAE8CA961F}.Release|Any CPU.ActiveCfg = Release|Any CPU
		{B152D2E3-7E60-424F-7825-FABAE8CA961F}.Release|Any CPU.Build.0 = Release|Any CPU
	EndGlobalSection
	GlobalSection(SolutionProperties) = preSolution
		HideSolutionNode = FALSE
	EndGlobalSection
	GlobalSection(ExtensibilityGlobals) = postSolution
		SolutionGuid = {344FEF92-6284-48C2-808C-7D7149664336}
	EndGlobalSection
EndGlobal
